dependencies:
- name: base-app
  repository: file://charts/base-app
  version: 0.1.0
- name: kafka
  repository: file://charts/kafka
  version: 0.1.0
- name: base-app
  repository: file://charts/base-app
  version: 0.1.0
- name: base-app
  repository: file://charts/base-app
  version: 0.1.0
- name: base-app
  repository: file://charts/base-app
  version: 0.1.0
digest: sha256:6778b6c0305be54b1170ea666aecb2d3a948db2f30be2f7275d855e2e86778fd
generated: "2023-08-22T23:52:27.251223886+02:00"
